
Microsoft Visual Studio Solution File, Format Version 12.00
# Visual Studio Version 17
VisualStudioVersion = 17.3.32929.385
MinimumVisualStudioVersion = 10.0.40219.1
Project("{FAE04EC0-301F-11D3-BF4B-00C04F79EFBC}") = "Ecommerce.Users.Data", "Ecommerce.Users.Data\Ecommerce.Users.Data.csproj", "{1C751DA5-7CAF-4E36-875E-5134D77DDC14}"
EndProject
Global
	GlobalSection(SolutionConfigurationPlatforms) = preSolution
		Debug|Any CPU = Debug|Any CPU
		Release|Any CPU = Release|Any CPU
	EndGlobalSection
	GlobalSection(ProjectConfigurationPlatforms) = postSolution
		{1C751DA5-7CAF-4E36-875E-5134D77DDC14}.Debug|Any CPU.ActiveCfg = Debug|Any CPU
		{1C751DA5-7CAF-4E36-875E-5134D77DDC14}.Debug|Any CPU.Build.0 = Debug|Any CPU
		{1C751DA5-7CAF-4E36-875E-5134D77DDC14}.Release|Any CPU.ActiveCfg = Release|Any CPU
		{1C751DA5-7CAF-4E36-875E-5134D77DDC14}.Release|Any CPU.Build.0 = Release|Any CPU
	EndGlobalSection
	GlobalSection(SolutionProperties) = preSolution
		HideSolutionNode = FALSE
	EndGlobalSection
	GlobalSection(ExtensibilityGlobals) = postSolution
		SolutionGuid = {465CB318-A3A1-4306-89FA-DC94C6FA1125}
	EndGlobalSection
EndGlobal
